
Microsoft Visual Studio Solution File, Format Version 12.00
# Visual Studio Version 16
VisualStudioVersion = 16.0.31624.102
MinimumVisualStudioVersion = 10.0.40219.1
Project("{FAE04EC0-301F-11D3-BF4B-00C04F79EFBC}") = "Roguelike.Core", "Roguelike.Core\Roguelike.Core.csproj", "{9191D293-ECD7-4A66-9E70-AAD02041414C}"
EndProject
Project("{9A19103F-16F7-4668-BE54-9A1E7A4F7556}") = "Roguelike.Console", "Roguelike.Console\Roguelike.Console.csproj", "{19ADB3E0-D435-4417-BD90-F62D412AE31A}"
EndProject
Global
	GlobalSection(SolutionConfigurationPlatforms) = preSolution
		Debug|Any CPU = Debug|Any CPU
		Release|Any CPU = Release|Any CPU
	EndGlobalSection
	GlobalSection(ProjectConfigurationPlatforms) = postSolution
		{9191D293-ECD7-4A66-9E70-AAD02041414C}.Debug|Any CPU.ActiveCfg = Debug|Any CPU
		{9191D293-ECD7-4A66-9E70-AAD02041414C}.Debug|Any CPU.Build.0 = Debug|Any CPU
		{9191D293-ECD7-4A66-9E70-AAD02041414C}.Release|Any CPU.ActiveCfg = Release|Any CPU
		{9191D293-ECD7-4A66-9E70-AAD02041414C}.Release|Any CPU.Build.0 = Release|Any CPU
		{19ADB3E0-D435-4417-BD90-F62D412AE31A}.Debug|Any CPU.ActiveCfg = Debug|Any CPU
		{19ADB3E0-D435-4417-BD90-F62D412AE31A}.Debug|Any CPU.Build.0 = Debug|Any CPU
		{19ADB3E0-D435-4417-BD90-F62D412AE31A}.Release|Any CPU.ActiveCfg = Release|Any CPU
		{19ADB3E0-D435-4417-BD90-F62D412AE31A}.Release|Any CPU.Build.0 = Release|Any CPU
	EndGlobalSection
	GlobalSection(SolutionProperties) = preSolution
		HideSolutionNode = FALSE
	EndGlobalSection
	GlobalSection(ExtensibilityGlobals) = postSolution
		SolutionGuid = {0706CF3D-5A6F-4B2B-A8FA-3DBA9493C4F6}
	EndGlobalSection
EndGlobal
